
Microsoft Visual Studio Solution File, Format Version 12.00
# Visual Studio 15
VisualStudioVersion = 15.0.27703.2026
MinimumVisualStudioVersion = 10.0.40219.1
Project("{FAE04EC0-301F-11D3-BF4B-00C04F79EFBC}") = "SrvInstaller1C", "SrvInstaller1C\SrvInstaller1C.csproj", "{DBBB069C-CC27-479B-B2BF-B9A74A6FFAC1}"
EndProject
Global
	GlobalSection(SolutionConfigurationPlatforms) = preSolution
		Debug|Any CPU = Debug|Any CPU
		Release|Any CPU = Release|Any CPU
	EndGlobalSection
	GlobalSection(ProjectConfigurationPlatforms) = postSolution
		{DBBB069C-CC27-479B-B2BF-B9A74A6FFAC1}.Debug|Any CPU.ActiveCfg = Debug|Any CPU
		{DBBB069C-CC27-479B-B2BF-B9A74A6FFAC1}.Debug|Any CPU.Build.0 = Debug|Any CPU
		{DBBB069C-CC27-479B-B2BF-B9A74A6FFAC1}.Release|Any CPU.ActiveCfg = Release|Any CPU
		{DBBB069C-CC27-479B-B2BF-B9A74A6FFAC1}.Release|Any CPU.Build.0 = Release|Any CPU
	EndGlobalSection
	GlobalSection(SolutionProperties) = preSolution
		HideSolutionNode = FALSE
	EndGlobalSection
	GlobalSection(ExtensibilityGlobals) = postSolution
		SolutionGuid = {CEAA2C59-BFD0-4640-A25C-6DB6E46A7C46}
	EndGlobalSection
EndGlobal
